
Microsoft Visual Studio Solution File, Format Version 12.00
# Visual Studio Version 17
VisualStudioVersion = 17.14.36121.58
MinimumVisualStudioVersion = 10.0.40219.1
Project("{2150E333-8FDC-42A3-9474-1A3956D46DE8}") = "src", "src", "{02EA681E-C7D8-13C7-8484-4AC65E1B71E8}"
EndProject
Project("{FAE04EC0-301F-11D3-BF4B-00C04F79EFBC}") = "TransactionTestApp.WebApi", "src\TransactionTestApp.WebApi\TransactionTestApp.WebApi.csproj", "{53A2F048-AF60-B4E2-CD88-904A49E1DB29}"
	ProjectSection(ProjectDependencies) = postProject
		{08E440BF-A890-49E6-A3D5-07112AA54149} = {08E440BF-A890-49E6-A3D5-07112AA54149}
		{657A2812-F9F9-4403-99BA-8F02BEE08EB7} = {657A2812-F9F9-4403-99BA-8F02BEE08EB7}
	EndProjectSection
EndProject
Project("{FAE04EC0-301F-11D3-BF4B-00C04F79EFBC}") = "TransactionTestApp.Data", "src\TransactionTestApp.Data\TransactionTestApp.Data.csproj", "{8C0F085C-80E4-4074-12FF-F3717EA432A6}"
	ProjectSection(ProjectDependencies) = postProject
		{DEF670EF-23CC-881C-B38E-D9AE76F24348} = {DEF670EF-23CC-881C-B38E-D9AE76F24348}
	EndProjectSection
EndProject
Project("{FAE04EC0-301F-11D3-BF4B-00C04F79EFBC}") = "TransactionTestApp.Models", "src\TransactionTestApp.Models\TransactionTestApp.Models.csproj", "{DEF670EF-23CC-881C-B38E-D9AE76F24348}"
EndProject
Project("{FAE04EC0-301F-11D3-BF4B-00C04F79EFBC}") = "TransactionTestApp.Services", "src\TransactionTestApp.Services\TransactionTestApp.Services.csproj", "{08E440BF-A890-49E6-A3D5-07112AA54149}"
	ProjectSection(ProjectDependencies) = postProject
		{8C0F085C-80E4-4074-12FF-F3717EA432A6} = {8C0F085C-80E4-4074-12FF-F3717EA432A6}
		{DEF670EF-23CC-881C-B38E-D9AE76F24348} = {DEF670EF-23CC-881C-B38E-D9AE76F24348}
	EndProjectSection
EndProject
Project("{FAE04EC0-301F-11D3-BF4B-00C04F79EFBC}") = "TransactionTestApp.Abstractions", "TransactionTestApp.Abstractions\TransactionTestApp.Abstractions.csproj", "{564CE3E8-172C-43A3-A4B6-0FE69A805E8C}"
EndProject
Project("{FAE04EC0-301F-11D3-BF4B-00C04F79EFBC}") = "TransactionTestApp.Common", "TransactionTestApp.Common\TransactionTestApp.Common.csproj", "{657A2812-F9F9-4403-99BA-8F02BEE08EB7}"
EndProject
Global
	GlobalSection(SolutionConfigurationPlatforms) = preSolution
		Debug|Any CPU = Debug|Any CPU
		Release|Any CPU = Release|Any CPU
	EndGlobalSection
	GlobalSection(ProjectConfigurationPlatforms) = postSolution
		{53A2F048-AF60-B4E2-CD88-904A49E1DB29}.Debug|Any CPU.ActiveCfg = Debug|Any CPU
		{53A2F048-AF60-B4E2-CD88-904A49E1DB29}.Debug|Any CPU.Build.0 = Debug|Any CPU
		{53A2F048-AF60-B4E2-CD88-904A49E1DB29}.Release|Any CPU.ActiveCfg = Release|Any CPU
		{53A2F048-AF60-B4E2-CD88-904A49E1DB29}.Release|Any CPU.Build.0 = Release|Any CPU
		{8C0F085C-80E4-4074-12FF-F3717EA432A6}.Debug|Any CPU.ActiveCfg = Debug|Any CPU
		{8C0F085C-80E4-4074-12FF-F3717EA432A6}.Debug|Any CPU.Build.0 = Debug|Any CPU
		{8C0F085C-80E4-4074-12FF-F3717EA432A6}.Release|Any CPU.ActiveCfg = Release|Any CPU
		{8C0F085C-80E4-4074-12FF-F3717EA432A6}.Release|Any CPU.Build.0 = Release|Any CPU
		{DEF670EF-23CC-881C-B38E-D9AE76F24348}.Debug|Any CPU.ActiveCfg = Debug|Any CPU
		{DEF670EF-23CC-881C-B38E-D9AE76F24348}.Debug|Any CPU.Build.0 = Debug|Any CPU
		{DEF670EF-23CC-881C-B38E-D9AE76F24348}.Release|Any CPU.ActiveCfg = Release|Any CPU
		{DEF670EF-23CC-881C-B38E-D9AE76F24348}.Release|Any CPU.Build.0 = Release|Any CPU
		{08E440BF-A890-49E6-A3D5-07112AA54149}.Debug|Any CPU.ActiveCfg = Debug|Any CPU
		{08E440BF-A890-49E6-A3D5-07112AA54149}.Debug|Any CPU.Build.0 = Debug|Any CPU
		{08E440BF-A890-49E6-A3D5-07112AA54149}.Release|Any CPU.ActiveCfg = Release|Any CPU
		{08E440BF-A890-49E6-A3D5-07112AA54149}.Release|Any CPU.Build.0 = Release|Any CPU
		{564CE3E8-172C-43A3-A4B6-0FE69A805E8C}.Debug|Any CPU.ActiveCfg = Debug|Any CPU
		{564CE3E8-172C-43A3-A4B6-0FE69A805E8C}.Debug|Any CPU.Build.0 = Debug|Any CPU
		{564CE3E8-172C-43A3-A4B6-0FE69A805E8C}.Release|Any CPU.ActiveCfg = Release|Any CPU
		{564CE3E8-172C-43A3-A4B6-0FE69A805E8C}.Release|Any CPU.Build.0 = Release|Any CPU
		{657A2812-F9F9-4403-99BA-8F02BEE08EB7}.Debug|Any CPU.ActiveCfg = Debug|Any CPU
		{657A2812-F9F9-4403-99BA-8F02BEE08EB7}.Debug|Any CPU.Build.0 = Debug|Any CPU
		{657A2812-F9F9-4403-99BA-8F02BEE08EB7}.Release|Any CPU.ActiveCfg = Release|Any CPU
		{657A2812-F9F9-4403-99BA-8F02BEE08EB7}.Release|Any CPU.Build.0 = Release|Any CPU
	EndGlobalSection
	GlobalSection(SolutionProperties) = preSolution
		HideSolutionNode = FALSE
	EndGlobalSection
	GlobalSection(NestedProjects) = preSolution
		{53A2F048-AF60-B4E2-CD88-904A49E1DB29} = {02EA681E-C7D8-13C7-8484-4AC65E1B71E8}
		{8C0F085C-80E4-4074-12FF-F3717EA432A6} = {02EA681E-C7D8-13C7-8484-4AC65E1B71E8}
		{DEF670EF-23CC-881C-B38E-D9AE76F24348} = {02EA681E-C7D8-13C7-8484-4AC65E1B71E8}
		{08E440BF-A890-49E6-A3D5-07112AA54149} = {02EA681E-C7D8-13C7-8484-4AC65E1B71E8}
		{564CE3E8-172C-43A3-A4B6-0FE69A805E8C} = {02EA681E-C7D8-13C7-8484-4AC65E1B71E8}
		{657A2812-F9F9-4403-99BA-8F02BEE08EB7} = {02EA681E-C7D8-13C7-8484-4AC65E1B71E8}
	EndGlobalSection
	GlobalSection(ExtensibilityGlobals) = postSolution
		SolutionGuid = {A3F2F574-8CA1-46B3-A23A-C25B963A2F05}
	EndGlobalSection
EndGlobal
